// !$*UTF8*$!
{
	archiveVersion = 1;
	classes = {
	};
	objectVersion = 51;
	objects = {

/* Begin PBXBuildFile section */
		9A3624D968D5E1ACC1B16AE2 /* Pods_CBVogoManager.framework in Frameworks */ = {isa = PBXBuildFile; fileRef = 71306F4BAD482B4F8338F69F /* Pods_CBVogoManager.framework */; };
		D51B337422F8A85D006CB9BB /* RUICardView.swift in Sources */ = {isa = PBXBuildFile; fileRef = D51B337322F8A85D006CB9BB /* RUICardView.swift */; };
		D51B337622F8A909006CB9BB /* Colors.swift in Sources */ = {isa = PBXBuildFile; fileRef = D51B337522F8A909006CB9BB /* Colors.swift */; };
		D51B337922F8AA13006CB9BB /* ColorConstants.swift in Sources */ = {isa = PBXBuildFile; fileRef = D51B337822F8AA13006CB9BB /* ColorConstants.swift */; };
		D51B337D22F8B312006CB9BB /* AppConstants.swift in Sources */ = {isa = PBXBuildFile; fileRef = D51B337C22F8B312006CB9BB /* AppConstants.swift */; };
		D51B338122F8B480006CB9BB /* LoaderView.swift in Sources */ = {isa = PBXBuildFile; fileRef = D51B337F22F8B480006CB9BB /* LoaderView.swift */; };
		D51B338222F8B480006CB9BB /* LoaderView.xib in Resources */ = {isa = PBXBuildFile; fileRef = D51B338022F8B480006CB9BB /* LoaderView.xib */; };
		D51B338422F8B530006CB9BB /* RUICustomNIbView.swift in Sources */ = {isa = PBXBuildFile; fileRef = D51B338322F8B530006CB9BB /* RUICustomNIbView.swift */; };
		D51B338622F8B5CD006CB9BB /* RUILabel.swift in Sources */ = {isa = PBXBuildFile; fileRef = D51B338522F8B5CD006CB9BB /* RUILabel.swift */; };
		D545680C22F87437004033D4 /* PeripheralModel.swift in Sources */ = {isa = PBXBuildFile; fileRef = D545680B22F87437004033D4 /* PeripheralModel.swift */; };
		D545680E22F89857004033D4 /* PeripheralViewController.swift in Sources */ = {isa = PBXBuildFile; fileRef = D545680D22F89856004033D4 /* PeripheralViewController.swift */; };
		D545681022F89A10004033D4 /* extensions.swift in Sources */ = {isa = PBXBuildFile; fileRef = D545680F22F89A10004033D4 /* extensions.swift */; };
		D5BD34C222F9939E003CB1B1 /* ServicesTableViewController.swift in Sources */ = {isa = PBXBuildFile; fileRef = D5BD34C122F9939E003CB1B1 /* ServicesTableViewController.swift */; };
		D5BD34C422F99734003CB1B1 /* CharcteristicsTableViewController.swift in Sources */ = {isa = PBXBuildFile; fileRef = D5BD34C322F99734003CB1B1 /* CharcteristicsTableViewController.swift */; };
		D5BD34C622F99F4C003CB1B1 /* CharacteristicViewController.swift in Sources */ = {isa = PBXBuildFile; fileRef = D5BD34C522F99F4C003CB1B1 /* CharacteristicViewController.swift */; };
		D5BD34C822FA0307003CB1B1 /* RUIButton.swift in Sources */ = {isa = PBXBuildFile; fileRef = D5BD34C722FA0307003CB1B1 /* RUIButton.swift */; };
		D5BD34CA22FA0ED0003CB1B1 /* RUIViewController.swift in Sources */ = {isa = PBXBuildFile; fileRef = D5BD34C922FA0ED0003CB1B1 /* RUIViewController.swift */; };
		D5BD34CC22FA0F42003CB1B1 /* RUITableViewController.swift in Sources */ = {isa = PBXBuildFile; fileRef = D5BD34CB22FA0F42003CB1B1 /* RUITableViewController.swift */; };
		D5D6C54D22F834D1001370CE /* AppDelegate.swift in Sources */ = {isa = PBXBuildFile; fileRef = D5D6C54C22F834D1001370CE /* AppDelegate.swift */; };
		D5D6C54F22F834D1001370CE /* BLEDevicesVC.swift in Sources */ = {isa = PBXBuildFile; fileRef = D5D6C54E22F834D1001370CE /* BLEDevicesVC.swift */; };
		D5D6C55222F834D1001370CE /* Main.storyboard in Resources */ = {isa = PBXBuildFile; fileRef = D5D6C55022F834D1001370CE /* Main.storyboard */; };
		D5D6C55422F834D4001370CE /* Assets.xcassets in Resources */ = {isa = PBXBuildFile; fileRef = D5D6C55322F834D4001370CE /* Assets.xcassets */; };
		D5D6C55722F834D4001370CE /* LaunchScreen.storyboard in Resources */ = {isa = PBXBuildFile; fileRef = D5D6C55522F834D4001370CE /* LaunchScreen.storyboard */; };
		D5D6C56022F8357B001370CE /* CBManager.swift in Sources */ = {isa = PBXBuildFile; fileRef = D5D6C55F22F8357B001370CE /* CBManager.swift */; };
		D5D6C56522F8400F001370CE /* PheripheralTableViewCell.swift in Sources */ = {isa = PBXBuildFile; fileRef = D5D6C56322F8400F001370CE /* PheripheralTableViewCell.swift */; };
		D5D6C56622F8400F001370CE /* PheripheralTableViewCell.xib in Resources */ = {isa = PBXBuildFile; fileRef = D5D6C56422F8400F001370CE /* PheripheralTableViewCell.xib */; };
/* End PBXBuildFile section */

/* Begin PBXFileReference section */
		6B9BAE1C1BF38DAA42914AD6 /* Pods-CBVogoManager.debug.xcconfig */ = {isa = PBXFileReference; includeInIndex = 1; lastKnownFileType = text.xcconfig; name = "Pods-CBVogoManager.debug.xcconfig"; path = "Target Support Files/Pods-CBVogoManager/Pods-CBVogoManager.debug.xcconfig"; sourceTree = "<group>"; };
		71306F4BAD482B4F8338F69F /* Pods_CBVogoManager.framework */ = {isa = PBXFileReference; explicitFileType = wrapper.framework; includeInIndex = 0; path = Pods_CBVogoManager.framework; sourceTree = BUILT_PRODUCTS_DIR; };
		8216959F9C17FBE8208D56CF /* Pods-CBVogoManager.release.xcconfig */ = {isa = PBXFileReference; includeInIndex = 1; lastKnownFileType = text.xcconfig; name = "Pods-CBVogoManager.release.xcconfig"; path = "Target Support Files/Pods-CBVogoManager/Pods-CBVogoManager.release.xcconfig"; sourceTree = "<group>"; };
		D51B337322F8A85D006CB9BB /* RUICardView.swift */ = {isa = PBXFileReference; lastKnownFileType = sourcecode.swift; path = RUICardView.swift; sourceTree = "<group>"; };
		D51B337522F8A909006CB9BB /* Colors.swift */ = {isa = PBXFileReference; lastKnownFileType = sourcecode.swift; path = Colors.swift; sourceTree = "<group>"; };
		D51B337822F8AA13006CB9BB /* ColorConstants.swift */ = {isa = PBXFileReference; lastKnownFileType = sourcecode.swift; path = ColorConstants.swift; sourceTree = "<group>"; };
		D51B337C22F8B312006CB9BB /* AppConstants.swift */ = {isa = PBXFileReference; lastKnownFileType = sourcecode.swift; path = AppConstants.swift; sourceTree = "<group>"; };
		D51B337F22F8B480006CB9BB /* LoaderView.swift */ = {isa = PBXFileReference; fileEncoding = 4; lastKnownFileType = sourcecode.swift; path = LoaderView.swift; sourceTree = "<group>"; };
		D51B338022F8B480006CB9BB /* LoaderView.xib */ = {isa = PBXFileReference; fileEncoding = 4; lastKnownFileType = file.xib; path = LoaderView.xib; sourceTree = "<group>"; };
		D51B338322F8B530006CB9BB /* RUICustomNIbView.swift */ = {isa = PBXFileReference; fileEncoding = 4; lastKnownFileType = sourcecode.swift; path = RUICustomNIbView.swift; sourceTree = "<group>"; };
		D51B338522F8B5CD006CB9BB /* RUILabel.swift */ = {isa = PBXFileReference; lastKnownFileType = sourcecode.swift; path = RUILabel.swift; sourceTree = "<group>"; };
		D545680B22F87437004033D4 /* PeripheralModel.swift */ = {isa = PBXFileReference; lastKnownFileType = sourcecode.swift; path = PeripheralModel.swift; sourceTree = "<group>"; };
		D545680D22F89856004033D4 /* PeripheralViewController.swift */ = {isa = PBXFileReference; lastKnownFileType = sourcecode.swift; path = PeripheralViewController.swift; sourceTree = "<group>"; };
		D545680F22F89A10004033D4 /* extensions.swift */ = {isa = PBXFileReference; lastKnownFileType = sourcecode.swift; path = extensions.swift; sourceTree = "<group>"; };
		D5BD34C122F9939E003CB1B1 /* ServicesTableViewController.swift */ = {isa = PBXFileReference; lastKnownFileType = sourcecode.swift; path = ServicesTableViewController.swift; sourceTree = "<group>"; };
		D5BD34C322F99734003CB1B1 /* CharcteristicsTableViewController.swift */ = {isa = PBXFileReference; lastKnownFileType = sourcecode.swift; path = CharcteristicsTableViewController.swift; sourceTree = "<group>"; };
		D5BD34C522F99F4C003CB1B1 /* CharacteristicViewController.swift */ = {isa = PBXFileReference; lastKnownFileType = sourcecode.swift; path = CharacteristicViewController.swift; sourceTree = "<group>"; };
		D5BD34C722FA0307003CB1B1 /* RUIButton.swift */ = {isa = PBXFileReference; lastKnownFileType = sourcecode.swift; path = RUIButton.swift; sourceTree = "<group>"; };
		D5BD34C922FA0ED0003CB1B1 /* RUIViewController.swift */ = {isa = PBXFileReference; lastKnownFileType = sourcecode.swift; path = RUIViewController.swift; sourceTree = "<group>"; };
		D5BD34CB22FA0F42003CB1B1 /* RUITableViewController.swift */ = {isa = PBXFileReference; lastKnownFileType = sourcecode.swift; path = RUITableViewController.swift; sourceTree = "<group>"; };
		D5D6C54922F834D1001370CE /* CBVogoManager.app */ = {isa = PBXFileReference; explicitFileType = wrapper.application; includeInIndex = 0; path = CBVogoManager.app; sourceTree = BUILT_PRODUCTS_DIR; };
		D5D6C54C22F834D1001370CE /* AppDelegate.swift */ = {isa = PBXFileReference; lastKnownFileType = sourcecode.swift; path = AppDelegate.swift; sourceTree = "<group>"; };
		D5D6C54E22F834D1001370CE /* BLEDevicesVC.swift */ = {isa = PBXFileReference; lastKnownFileType = sourcecode.swift; path = BLEDevicesVC.swift; sourceTree = "<group>"; };
		D5D6C55122F834D1001370CE /* Base */ = {isa = PBXFileReference; lastKnownFileType = file.storyboard; name = Base; path = Base.lproj/Main.storyboard; sourceTree = "<group>"; };
		D5D6C55322F834D4001370CE /* Assets.xcassets */ = {isa = PBXFileReference; lastKnownFileType = folder.assetcatalog; path = Assets.xcassets; sourceTree = "<group>"; };
		D5D6C55622F834D4001370CE /* Base */ = {isa = PBXFileReference; lastKnownFileType = file.storyboard; name = Base; path = Base.lproj/LaunchScreen.storyboard; sourceTree = "<group>"; };
		D5D6C55822F834D4001370CE /* Info.plist */ = {isa = PBXFileReference; lastKnownFileType = text.plist.xml; path = Info.plist; sourceTree = "<group>"; };
		D5D6C55F22F8357B001370CE /* CBManager.swift */ = {isa = PBXFileReference; lastKnownFileType = sourcecode.swift; path = CBManager.swift; sourceTree = "<group>"; };
		D5D6C56322F8400F001370CE /* PheripheralTableViewCell.swift */ = {isa = PBXFileReference; lastKnownFileType = sourcecode.swift; path = PheripheralTableViewCell.swift; sourceTree = "<group>"; };
		D5D6C56422F8400F001370CE /* PheripheralTableViewCell.xib */ = {isa = PBXFileReference; lastKnownFileType = file.xib; path = PheripheralTableViewCell.xib; sourceTree = "<group>"; };
/* End PBXFileReference section */

/* Begin PBXFrameworksBuildPhase section */
		D5D6C54622F834D1001370CE /* Frameworks */ = {
			isa = PBXFrameworksBuildPhase;
			buildActionMask = 2147483647;
			files = (
				9A3624D968D5E1ACC1B16AE2 /* Pods_CBVogoManager.framework in Frameworks */,
			);
			runOnlyForDeploymentPostprocessing = 0;
		};
/* End PBXFrameworksBuildPhase section */

/* Begin PBXGroup section */
		2B7C3C0D412886663A352EC6 /* Frameworks */ = {
			isa = PBXGroup;
			children = (
				71306F4BAD482B4F8338F69F /* Pods_CBVogoManager.framework */,
			);
			name = Frameworks;
			sourceTree = "<group>";
		};
		D51B337222F8A838006CB9BB /* RUIElements */ = {
			isa = PBXGroup;
			children = (
				D51B338322F8B530006CB9BB /* RUICustomNIbView.swift */,
				D51B337322F8A85D006CB9BB /* RUICardView.swift */,
				D51B338522F8B5CD006CB9BB /* RUILabel.swift */,
				D5BD34C722FA0307003CB1B1 /* RUIButton.swift */,
				D5BD34C922FA0ED0003CB1B1 /* RUIViewController.swift */,
				D5BD34CB22FA0F42003CB1B1 /* RUITableViewController.swift */,
			);
			path = RUIElements;
			sourceTree = "<group>";
		};
		D51B337722F8AA00006CB9BB /* Constants */ = {
			isa = PBXGroup;
			children = (
				D51B337822F8AA13006CB9BB /* ColorConstants.swift */,
				D51B337C22F8B312006CB9BB /* AppConstants.swift */,
			);
			path = Constants;
			sourceTree = "<group>";
		};
		D51B337E22F8B44F006CB9BB /* Components */ = {
			isa = PBXGroup;
			children = (
				D51B337F22F8B480006CB9BB /* LoaderView.swift */,
				D51B338022F8B480006CB9BB /* LoaderView.xib */,
			);
			path = Components;
			sourceTree = "<group>";
		};
		D5D6C54022F834D1001370CE = {
			isa = PBXGroup;
			children = (
				D5D6C54B22F834D1001370CE /* CBVogoManager */,
				D5D6C54A22F834D1001370CE /* Products */,
				FBDBD098C8D44A2693C637AB /* Pods */,
				2B7C3C0D412886663A352EC6 /* Frameworks */,
			);
			sourceTree = "<group>";
		};
		D5D6C54A22F834D1001370CE /* Products */ = {
			isa = PBXGroup;
			children = (
				D5D6C54922F834D1001370CE /* CBVogoManager.app */,
			);
			name = Products;
			sourceTree = "<group>";
		};
		D5D6C54B22F834D1001370CE /* CBVogoManager */ = {
			isa = PBXGroup;
			children = (
				D51B337E22F8B44F006CB9BB /* Components */,
				D51B337722F8AA00006CB9BB /* Constants */,
				D51B337222F8A838006CB9BB /* RUIElements */,
				D5D6C56722F84804001370CE /* Utilities */,
				D5D6C56122F83F63001370CE /* ViewControllers */,
				D5D6C55E22F8355C001370CE /* CBManager */,
				D5D6C54C22F834D1001370CE /* AppDelegate.swift */,
				D5D6C55022F834D1001370CE /* Main.storyboard */,
				D5D6C55322F834D4001370CE /* Assets.xcassets */,
				D5D6C55522F834D4001370CE /* LaunchScreen.storyboard */,
				D5D6C55822F834D4001370CE /* Info.plist */,
			);
			path = CBVogoManager;
			sourceTree = "<group>";
		};
		D5D6C55E22F8355C001370CE /* CBManager */ = {
			isa = PBXGroup;
			children = (
				D5D6C55F22F8357B001370CE /* CBManager.swift */,
				D545680B22F87437004033D4 /* PeripheralModel.swift */,
			);
			path = CBManager;
			sourceTree = "<group>";
		};
		D5D6C56122F83F63001370CE /* ViewControllers */ = {
			isa = PBXGroup;
			children = (
				D5D6C56222F83FE9001370CE /* cells */,
				D5D6C54E22F834D1001370CE /* BLEDevicesVC.swift */,
				D545680D22F89856004033D4 /* PeripheralViewController.swift */,
				D5BD34C122F9939E003CB1B1 /* ServicesTableViewController.swift */,
				D5BD34C322F99734003CB1B1 /* CharcteristicsTableViewController.swift */,
				D5BD34C522F99F4C003CB1B1 /* CharacteristicViewController.swift */,
			);
			path = ViewControllers;
			sourceTree = "<group>";
		};
		D5D6C56222F83FE9001370CE /* cells */ = {
			isa = PBXGroup;
			children = (
				D5D6C56322F8400F001370CE /* PheripheralTableViewCell.swift */,
				D5D6C56422F8400F001370CE /* PheripheralTableViewCell.xib */,
			);
			path = cells;
			sourceTree = "<group>";
		};
		D5D6C56722F84804001370CE /* Utilities */ = {
			isa = PBXGroup;
			children = (
				D545680F22F89A10004033D4 /* extensions.swift */,
				D51B337522F8A909006CB9BB /* Colors.swift */,
			);
			path = Utilities;
			sourceTree = "<group>";
		};
		FBDBD098C8D44A2693C637AB /* Pods */ = {
			isa = PBXGroup;
			children = (
				6B9BAE1C1BF38DAA42914AD6 /* Pods-CBVogoManager.debug.xcconfig */,
				8216959F9C17FBE8208D56CF /* Pods-CBVogoManager.release.xcconfig */,
			);
			path = Pods;
			sourceTree = "<group>";
		};
/* End PBXGroup section */

/* Begin PBXNativeTarget section */
		D5D6C54822F834D1001370CE /* CBVogoManager */ = {
			isa = PBXNativeTarget;
			buildConfigurationList = D5D6C55B22F834D5001370CE /* Build configuration list for PBXNativeTarget "CBVogoManager" */;
			buildPhases = (
				2070E60EDDEAAF34E1BAB5AE /* [CP] Check Pods Manifest.lock */,
				D5D6C54522F834D1001370CE /* Sources */,
				D5D6C54622F834D1001370CE /* Frameworks */,
				D5D6C54722F834D1001370CE /* Resources */,
				2A005D4E150F1DB5165AAA57 /* [CP] Embed Pods Frameworks */,
			);
			buildRules = (
			);
			dependencies = (
			);
			name = CBVogoManager;
			productName = CBVogoManager;
			productReference = D5D6C54922F834D1001370CE /* CBVogoManager.app */;
			productType = "com.apple.product-type.application";
		};
/* End PBXNativeTarget section */

/* Begin PBXProject section */
		D5D6C54122F834D1001370CE /* Project object */ = {
			isa = PBXProject;
			attributes = {
				LastSwiftUpdateCheck = 1010;
				LastUpgradeCheck = 1010;
				ORGANIZATIONNAME = "Abhilash Palem";
				TargetAttributes = {
					D5D6C54822F834D1001370CE = {
						CreatedOnToolsVersion = 10.1;
					};
				};
			};
			buildConfigurationList = D5D6C54422F834D1001370CE /* Build configuration list for PBXProject "CBVogoManager" */;
			compatibilityVersion = "Xcode 9.3";
			developmentRegion = en;
			hasScannedForEncodings = 0;
			knownRegions = (
				en,
				Base,
			);
			mainGroup = D5D6C54022F834D1001370CE;
			productRefGroup = D5D6C54A22F834D1001370CE /* Products */;
			projectDirPath = "";
			projectRoot = "";
			targets = (
				D5D6C54822F834D1001370CE /* CBVogoManager */,
			);
		};
/* End PBXProject section */

/* Begin PBXResourcesBuildPhase section */
		D5D6C54722F834D1001370CE /* Resources */ = {
			isa = PBXResourcesBuildPhase;
			buildActionMask = 2147483647;
			files = (
				D5D6C56622F8400F001370CE /* PheripheralTableViewCell.xib in Resources */,
				D5D6C55722F834D4001370CE /* LaunchScreen.storyboard in Resources */,
				D51B338222F8B480006CB9BB /* LoaderView.xib in Resources */,
				D5D6C55422F834D4001370CE /* Assets.xcassets in Resources */,
				D5D6C55222F834D1001370CE /* Main.storyboard in Resources */,
			);
			runOnlyForDeploymentPostprocessing = 0;
		};
/* End PBXResourcesBuildPhase section */

/* Begin PBXShellScriptBuildPhase section */
		2070E60EDDEAAF34E1BAB5AE /* [CP] Check Pods Manifest.lock */ = {
			isa = PBXShellScriptBuildPhase;
			buildActionMask = 2147483647;
			files = (
			);
			inputFileListPaths = (
			);
			inputPaths = (
				"${PODS_PODFILE_DIR_PATH}/Podfile.lock",
				"${PODS_ROOT}/Manifest.lock",
			);
			name = "[CP] Check Pods Manifest.lock";
			outputFileListPaths = (
			);
			outputPaths = (
				"$(DERIVED_FILE_DIR)/Pods-CBVogoManager-checkManifestLockResult.txt",
			);
			runOnlyForDeploymentPostprocessing = 0;
			shellPath = /bin/sh;
			shellScript = "diff \"${PODS_PODFILE_DIR_PATH}/Podfile.lock\" \"${PODS_ROOT}/Manifest.lock\" > /dev/null\nif [ $? != 0 ] ; then\n    # print error to STDERR\n    echo \"error: The sandbox is not in sync with the Podfile.lock. Run 'pod install' or update your CocoaPods installation.\" >&2\n    exit 1\nfi\n# This output is used by Xcode 'outputs' to avoid re-running this script phase.\necho \"SUCCESS\" > \"${SCRIPT_OUTPUT_FILE_0}\"\n";
			showEnvVarsInLog = 0;
		};
		2A005D4E150F1DB5165AAA57 /* [CP] Embed Pods Frameworks */ = {
			isa = PBXShellScriptBuildPhase;
			buildActionMask = 2147483647;
			files = (
			);
			inputFileListPaths = (
				"${PODS_ROOT}/Target Support Files/Pods-CBVogoManager/Pods-CBVogoManager-frameworks-${CONFIGURATION}-input-files.xcfilelist",
			);
			name = "[CP] Embed Pods Frameworks";
			outputFileListPaths = (
				"${PODS_ROOT}/Target Support Files/Pods-CBVogoManager/Pods-CBVogoManager-frameworks-${CONFIGURATION}-output-files.xcfilelist",
			);
			runOnlyForDeploymentPostprocessing = 0;
			shellPath = /bin/sh;
			shellScript = "\"${PODS_ROOT}/Target Support Files/Pods-CBVogoManager/Pods-CBVogoManager-frameworks.sh\"\n";
			showEnvVarsInLog = 0;
		};
/* End PBXShellScriptBuildPhase section */

/* Begin PBXSourcesBuildPhase section */
		D5D6C54522F834D1001370CE /* Sources */ = {
			isa = PBXSourcesBuildPhase;
			buildActionMask = 2147483647;
			files = (
				D5D6C56522F8400F001370CE /* PheripheralTableViewCell.swift in Sources */,
				D5BD34C822FA0307003CB1B1 /* RUIButton.swift in Sources */,
				D51B337622F8A909006CB9BB /* Colors.swift in Sources */,
				D51B337422F8A85D006CB9BB /* RUICardView.swift in Sources */,
				D51B337922F8AA13006CB9BB /* ColorConstants.swift in Sources */,
				D5BD34CA22FA0ED0003CB1B1 /* RUIViewController.swift in Sources */,
				D5BD34C622F99F4C003CB1B1 /* CharacteristicViewController.swift in Sources */,
				D5BD34C222F9939E003CB1B1 /* ServicesTableViewController.swift in Sources */,
				D5D6C56022F8357B001370CE /* CBManager.swift in Sources */,
				D545681022F89A10004033D4 /* extensions.swift in Sources */,
				D5BD34CC22FA0F42003CB1B1 /* RUITableViewController.swift in Sources */,
				D51B337D22F8B312006CB9BB /* AppConstants.swift in Sources */,
				D5BD34C422F99734003CB1B1 /* CharcteristicsTableViewController.swift in Sources */,
				D5D6C54F22F834D1001370CE /* BLEDevicesVC.swift in Sources */,
				D5D6C54D22F834D1001370CE /* AppDelegate.swift in Sources */,
				D545680E22F89857004033D4 /* PeripheralViewController.swift in Sources */,
				D545680C22F87437004033D4 /* PeripheralModel.swift in Sources */,
				D51B338422F8B530006CB9BB /* RUICustomNIbView.swift in Sources */,
				D51B338622F8B5CD006CB9BB /* RUILabel.swift in Sources */,
				D51B338122F8B480006CB9BB /* LoaderView.swift in Sources */,
			);
			runOnlyForDeploymentPostprocessing = 0;
		};
/* End PBXSourcesBuildPhase section */

/* Begin PBXVariantGroup section */
		D5D6C55022F834D1001370CE /* Main.storyboard */ = {
			isa = PBXVariantGroup;
			children = (
				D5D6C55122F834D1001370CE /* Base */,
			);
			name = Main.storyboard;
			sourceTree = "<group>";
		};
		D5D6C55522F834D4001370CE /* LaunchScreen.storyboard */ = {
			isa = PBXVariantGroup;
			children = (
				D5D6C55622F834D4001370CE /* Base */,
			);
			name = LaunchScreen.storyboard;
			sourceTree = "<group>";
		};
/* End PBXVariantGroup section */

/* Begin XCBuildConfiguration section */
		D5D6C55922F834D4001370CE /* Debug */ = {
			isa = XCBuildConfiguration;
			buildSettings = {
				ALWAYS_SEARCH_USER_PATHS = NO;
				CLANG_ANALYZER_NONNULL = YES;
				CLANG_ANALYZER_NUMBER_OBJECT_CONVERSION = YES_AGGRESSIVE;
				CLANG_CXX_LANGUAGE_STANDARD = "gnu++14";
				CLANG_CXX_LIBRARY = "libc++";
				CLANG_ENABLE_MODULES = YES;
				CLANG_ENABLE_OBJC_ARC = YES;
				CLANG_ENABLE_OBJC_WEAK = YES;
				CLANG_WARN_BLOCK_CAPTURE_AUTORELEASING = YES;
				CLANG_WARN_BOOL_CONVERSION = YES;
				CLANG_WARN_COMMA = YES;
				CLANG_WARN_CONSTANT_CONVERSION = YES;
				CLANG_WARN_DEPRECATED_OBJC_IMPLEMENTATIONS = YES;
				CLANG_WARN_DIRECT_OBJC_ISA_USAGE = YES_ERROR;
				CLANG_WARN_DOCUMENTATION_COMMENTS = YES;
				CLANG_WARN_EMPTY_BODY = YES;
				CLANG_WARN_ENUM_CONVERSION = YES;
				CLANG_WARN_INFINITE_RECURSION = YES;
				CLANG_WARN_INT_CONVERSION = YES;
				CLANG_WARN_NON_LITERAL_NULL_CONVERSION = YES;
				CLANG_WARN_OBJC_IMPLICIT_RETAIN_SELF = YES;
				CLANG_WARN_OBJC_LITERAL_CONVERSION = YES;
				CLANG_WARN_OBJC_ROOT_CLASS = YES_ERROR;
				CLANG_WARN_RANGE_LOOP_ANALYSIS = YES;
				CLANG_WARN_STRICT_PROTOTYPES = YES;
				CLANG_WARN_SUSPICIOUS_MOVE = YES;
				CLANG_WARN_UNGUARDED_AVAILABILITY = YES_AGGRESSIVE;
				CLANG_WARN_UNREACHABLE_CODE = YES;
				CLANG_WARN__DUPLICATE_METHOD_MATCH = YES;
				CODE_SIGN_IDENTITY = "iPhone Developer";
				COPY_PHASE_STRIP = NO;
				DEBUG_INFORMATION_FORMAT = dwarf;
				ENABLE_STRICT_OBJC_MSGSEND = YES;
				ENABLE_TESTABILITY = YES;
				GCC_C_LANGUAGE_STANDARD = gnu11;
				GCC_DYNAMIC_NO_PIC = NO;
				GCC_NO_COMMON_BLOCKS = YES;
				GCC_OPTIMIZATION_LEVEL = 0;
				GCC_PREPROCESSOR_DEFINITIONS = (
					"DEBUG=1",
					"$(inherited)",
				);
				GCC_WARN_64_TO_32_BIT_CONVERSION = YES;
				GCC_WARN_ABOUT_RETURN_TYPE = YES_ERROR;
				GCC_WARN_UNDECLARED_SELECTOR = YES;
				GCC_WARN_UNINITIALIZED_AUTOS = YES_AGGRESSIVE;
				GCC_WARN_UNUSED_FUNCTION = YES;
				GCC_WARN_UNUSED_VARIABLE = YES;
				IPHONEOS_DEPLOYMENT_TARGET = 12.1;
				MTL_ENABLE_DEBUG_INFO = INCLUDE_SOURCE;
				MTL_FAST_MATH = YES;
				ONLY_ACTIVE_ARCH = YES;
				SDKROOT = iphoneos;
				SWIFT_ACTIVE_COMPILATION_CONDITIONS = DEBUG;
				SWIFT_OPTIMIZATION_LEVEL = "-Onone";
			};
			name = Debug;
		};
		D5D6C55A22F834D5001370CE /* Release */ = {
			isa = XCBuildConfiguration;
			buildSettings = {
				ALWAYS_SEARCH_USER_PATHS = NO;
				CLANG_ANALYZER_NONNULL = YES;
				CLANG_ANALYZER_NUMBER_OBJECT_CONVERSION = YES_AGGRESSIVE;
				CLANG_CXX_LANGUAGE_STANDARD = "gnu++14";
				CLANG_CXX_LIBRARY = "libc++";
				CLANG_ENABLE_MODULES = YES;
				CLANG_ENABLE_OBJC_ARC = YES;
				CLANG_ENABLE_OBJC_WEAK = YES;
				CLANG_WARN_BLOCK_CAPTURE_AUTORELEASING = YES;
				CLANG_WARN_BOOL_CONVERSION = YES;
				CLANG_WARN_COMMA = YES;
				CLANG_WARN_CONSTANT_CONVERSION = YES;
				CLANG_WARN_DEPRECATED_OBJC_IMPLEMENTATIONS = YES;
				CLANG_WARN_DIRECT_OBJC_ISA_USAGE = YES_ERROR;
				CLANG_WARN_DOCUMENTATION_COMMENTS = YES;
				CLANG_WARN_EMPTY_BODY = YES;
				CLANG_WARN_ENUM_CONVERSION = YES;
				CLANG_WARN_INFINITE_RECURSION = YES;
				CLANG_WARN_INT_CONVERSION = YES;
				CLANG_WARN_NON_LITERAL_NULL_CONVERSION = YES;
				CLANG_WARN_OBJC_IMPLICIT_RETAIN_SELF = YES;
				CLANG_WARN_OBJC_LITERAL_CONVERSION = YES;
				CLANG_WARN_OBJC_ROOT_CLASS = YES_ERROR;
				CLANG_WARN_RANGE_LOOP_ANALYSIS = YES;
				CLANG_WARN_STRICT_PROTOTYPES = YES;
				CLANG_WARN_SUSPICIOUS_MOVE = YES;
				CLANG_WARN_UNGUARDED_AVAILABILITY = YES_AGGRESSIVE;
				CLANG_WARN_UNREACHABLE_CODE = YES;
				CLANG_WARN__DUPLICATE_METHOD_MATCH = YES;
				CODE_SIGN_IDENTITY = "iPhone Developer";
				COPY_PHASE_STRIP = NO;
				DEBUG_INFORMATION_FORMAT = "dwarf-with-dsym";
				ENABLE_NS_ASSERTIONS = NO;
				ENABLE_STRICT_OBJC_MSGSEND = YES;
				GCC_C_LANGUAGE_STANDARD = gnu11;
				GCC_NO_COMMON_BLOCKS = YES;
				GCC_WARN_64_TO_32_BIT_CONVERSION = YES;
				GCC_WARN_ABOUT_RETURN_TYPE = YES_ERROR;
				GCC_WARN_UNDECLARED_SELECTOR = YES;
				GCC_WARN_UNINITIALIZED_AUTOS = YES_AGGRESSIVE;
				GCC_WARN_UNUSED_FUNCTION = YES;
				GCC_WARN_UNUSED_VARIABLE = YES;
				IPHONEOS_DEPLOYMENT_TARGET = 12.1;
				MTL_ENABLE_DEBUG_INFO = NO;
				MTL_FAST_MATH = YES;
				SDKROOT = iphoneos;
				SWIFT_COMPILATION_MODE = wholemodule;
				SWIFT_OPTIMIZATION_LEVEL = "-O";
				VALIDATE_PRODUCT = YES;
			};
			name = Release;
		};
		D5D6C55C22F834D5001370CE /* Debug */ = {
			isa = XCBuildConfiguration;
			baseConfigurationReference = 6B9BAE1C1BF38DAA42914AD6 /* Pods-CBVogoManager.debug.xcconfig */;
			buildSettings = {
				ASSETCATALOG_COMPILER_APPICON_NAME = AppIcon;
				CODE_SIGN_IDENTITY = "iPhone Developer";
				CODE_SIGN_STYLE = Automatic;
				DEVELOPMENT_TEAM = FY7LB4LG7Y;
				INFOPLIST_FILE = CBVogoManager/Info.plist;
				LD_RUNPATH_SEARCH_PATHS = (
					"$(inherited)",
					"@executable_path/Frameworks",
				);
				PRODUCT_BUNDLE_IDENTIFIER = com.abhi.CBManager;
				PRODUCT_NAME = "$(TARGET_NAME)";
				PROVISIONING_PROFILE_SPECIFIER = "";
				SWIFT_VERSION = 4.2;
				TARGETED_DEVICE_FAMILY = "1,2";
			};
			name = Debug;
		};
		D5D6C55D22F834D5001370CE /* Release */ = {
			isa = XCBuildConfiguration;
			baseConfigurationReference = 8216959F9C17FBE8208D56CF /* Pods-CBVogoManager.release.xcconfig */;
			buildSettings = {
				ASSETCATALOG_COMPILER_APPICON_NAME = AppIcon;
				CODE_SIGN_IDENTITY = "iPhone Developer";
				CODE_SIGN_STYLE = Automatic;
				DEVELOPMENT_TEAM = FY7LB4LG7Y;
				INFOPLIST_FILE = CBVogoManager/Info.plist;
				LD_RUNPATH_SEARCH_PATHS = (
					"$(inherited)",
					"@executable_path/Frameworks",
				);
				PRODUCT_BUNDLE_IDENTIFIER = com.abhi.CBManager;
				PRODUCT_NAME = "$(TARGET_NAME)";
				PROVISIONING_PROFILE_SPECIFIER = "";
				SWIFT_VERSION = 4.2;
				TARGETED_DEVICE_FAMILY = "1,2";
			};
			name = Release;
		};
/* End XCBuildConfiguration section */

/* Begin XCConfigurationList section */
		D5D6C54422F834D1001370CE /* Build configuration list for PBXProject "CBVogoManager" */ = {
			isa = XCConfigurationList;
			buildConfigurations = (
				D5D6C55922F834D4001370CE /* Debug */,
				D5D6C55A22F834D5001370CE /* Release */,
			);
			defaultConfigurationIsVisible = 0;
			defaultConfigurationName = Release;
		};
		D5D6C55B22F834D5001370CE /* Build configuration list for PBXNativeTarget "CBVogoManager" */ = {
			isa = XCConfigurationList;
			buildConfigurations = (
				D5D6C55C22F834D5001370CE /* Debug */,
				D5D6C55D22F834D5001370CE /* Release */,
			);
			defaultConfigurationIsVisible = 0;
			defaultConfigurationName = Release;
		};
/* End XCConfigurationList section */
	};
	rootObject = D5D6C54122F834D1001370CE /* Project object */;
}
